
Microsoft Visual Studio Solution File, Format Version 12.00
# Visual Studio Version 17
VisualStudioVersion = 17.11.35327.3
MinimumVisualStudioVersion = 10.0.40219.1
Project("{9A19103F-16F7-4668-BE54-9A1E7A4F7556}") = "CA3", "CA3\CA3.csproj", "{92370886-D3CB-449E-8243-3B7F1CB0BD07}"
EndProject
Project("{9A19103F-16F7-4668-BE54-9A1E7A4F7556}") = "CA3.Client", "CA3.Client\CA3.Client.csproj", "{44A1EFE4-930B-4237-9695-DABE969301FC}"
EndProject
Global
	GlobalSection(SolutionConfigurationPlatforms) = preSolution
		Debug|Any CPU = Debug|Any CPU
		Release|Any CPU = Release|Any CPU
	EndGlobalSection
	GlobalSection(ProjectConfigurationPlatforms) = postSolution
		{92370886-D3CB-449E-8243-3B7F1CB0BD07}.Debug|Any CPU.ActiveCfg = Debug|Any CPU
		{92370886-D3CB-449E-8243-3B7F1CB0BD07}.Debug|Any CPU.Build.0 = Debug|Any CPU
		{92370886-D3CB-449E-8243-3B7F1CB0BD07}.Release|Any CPU.ActiveCfg = Release|Any CPU
		{92370886-D3CB-449E-8243-3B7F1CB0BD07}.Release|Any CPU.Build.0 = Release|Any CPU
		{44A1EFE4-930B-4237-9695-DABE969301FC}.Debug|Any CPU.ActiveCfg = Debug|Any CPU
		{44A1EFE4-930B-4237-9695-DABE969301FC}.Debug|Any CPU.Build.0 = Debug|Any CPU
		{44A1EFE4-930B-4237-9695-DABE969301FC}.Release|Any CPU.ActiveCfg = Release|Any CPU
		{44A1EFE4-930B-4237-9695-DABE969301FC}.Release|Any CPU.Build.0 = Release|Any CPU
	EndGlobalSection
	GlobalSection(SolutionProperties) = preSolution
		HideSolutionNode = FALSE
	EndGlobalSection
	GlobalSection(ExtensibilityGlobals) = postSolution
		SolutionGuid = {9A4412FA-091D-47F9-875F-C1750CC29395}
	EndGlobalSection
EndGlobal
